
Microsoft Visual Studio Solution File, Format Version 12.00
# Visual Studio Version 16
VisualStudioVersion = 16.0.31911.196
MinimumVisualStudioVersion = 10.0.40219.1
Project("{FAE04EC0-301F-11D3-BF4B-00C04F79EFBC}") = "Abstract", "Abstract\Abstract.csproj", "{AFD6CDE0-567C-4DA5-974F-1A9425DD4564}"
EndProject
Global
	GlobalSection(SolutionConfigurationPlatforms) = preSolution
		Debug|Any CPU = Debug|Any CPU
		Release|Any CPU = Release|Any CPU
	EndGlobalSection
	GlobalSection(ProjectConfigurationPlatforms) = postSolution
		{AFD6CDE0-567C-4DA5-974F-1A9425DD4564}.Debug|Any CPU.ActiveCfg = Debug|Any CPU
		{AFD6CDE0-567C-4DA5-974F-1A9425DD4564}.Debug|Any CPU.Build.0 = Debug|Any CPU
		{AFD6CDE0-567C-4DA5-974F-1A9425DD4564}.Release|Any CPU.ActiveCfg = Release|Any CPU
		{AFD6CDE0-567C-4DA5-974F-1A9425DD4564}.Release|Any CPU.Build.0 = Release|Any CPU
	EndGlobalSection
	GlobalSection(SolutionProperties) = preSolution
		HideSolutionNode = FALSE
	EndGlobalSection
	GlobalSection(ExtensibilityGlobals) = postSolution
		SolutionGuid = {E52A1FE6-AF4A-41B0-AB69-C9BB755996C4}
	EndGlobalSection
EndGlobal
